
Microsoft Visual Studio Solution File, Format Version 12.00
# Visual Studio Version 16
VisualStudioVersion = 16.0.32413.511
MinimumVisualStudioVersion = 10.0.40219.1
Project("{FAE04EC0-301F-11D3-BF4B-00C04F79EFBC}") = "CodeAcademyRazorPage2", "CodeAcademyRazorPage2\CodeAcademyRazorPage2.csproj", "{A45DC8CC-A8D2-4286-A7FA-DDFEC43EB0AC}"
EndProject
Global
	GlobalSection(SolutionConfigurationPlatforms) = preSolution
		Debug|Any CPU = Debug|Any CPU
		Release|Any CPU = Release|Any CPU
	EndGlobalSection
	GlobalSection(ProjectConfigurationPlatforms) = postSolution
		{A45DC8CC-A8D2-4286-A7FA-DDFEC43EB0AC}.Debug|Any CPU.ActiveCfg = Debug|Any CPU
		{A45DC8CC-A8D2-4286-A7FA-DDFEC43EB0AC}.Debug|Any CPU.Build.0 = Debug|Any CPU
		{A45DC8CC-A8D2-4286-A7FA-DDFEC43EB0AC}.Release|Any CPU.ActiveCfg = Release|Any CPU
		{A45DC8CC-A8D2-4286-A7FA-DDFEC43EB0AC}.Release|Any CPU.Build.0 = Release|Any CPU
	EndGlobalSection
	GlobalSection(SolutionProperties) = preSolution
		HideSolutionNode = FALSE
	EndGlobalSection
	GlobalSection(ExtensibilityGlobals) = postSolution
		SolutionGuid = {D2DC8996-B774-4F96-8E6B-2FC61179673A}
	EndGlobalSection
EndGlobal
